
Microsoft Visual Studio Solution File, Format Version 12.00
# Visual Studio Version 16
VisualStudioVersion = 16.0.30413.136
MinimumVisualStudioVersion = 10.0.40219.1
Project("{9A19103F-16F7-4668-BE54-9A1E7A4F7556}") = "ConsoleApp3", "ConsoleApp3\ConsoleApp3.csproj", "{9C77A651-E22D-4BEE-A08B-3EA59D620F4E}"
EndProject
Global
	GlobalSection(SolutionConfigurationPlatforms) = preSolution
		Debug|Any CPU = Debug|Any CPU
		Release|Any CPU = Release|Any CPU
	EndGlobalSection
	GlobalSection(ProjectConfigurationPlatforms) = postSolution
		{9C77A651-E22D-4BEE-A08B-3EA59D620F4E}.Debug|Any CPU.ActiveCfg = Debug|Any CPU
		{9C77A651-E22D-4BEE-A08B-3EA59D620F4E}.Debug|Any CPU.Build.0 = Debug|Any CPU
		{9C77A651-E22D-4BEE-A08B-3EA59D620F4E}.Release|Any CPU.ActiveCfg = Release|Any CPU
		{9C77A651-E22D-4BEE-A08B-3EA59D620F4E}.Release|Any CPU.Build.0 = Release|Any CPU
	EndGlobalSection
	GlobalSection(SolutionProperties) = preSolution
		HideSolutionNode = FALSE
	EndGlobalSection
	GlobalSection(ExtensibilityGlobals) = postSolution
		SolutionGuid = {E58F0B08-3052-46C3-B4AC-FA5B0BD185DD}
	EndGlobalSection
EndGlobal
